# This file is autogenerated, do not edit; changes may be undone by the next 'dep ensure'.


[[projects]]
  digest = "1:47dc4f6ee8a7dda99b516b56cb7fcc4f53ca94756263bdcea55c918a60126062"
  name = "github.com/kr/pty"
  packages = ["."]
  pruneopts = "UT"
  revision = "521317be5ebc228a0f0ede099fa2a0b5ece22e49"
  version = "v1.1.4"

[[projects]]
  branch = "master"
  digest = "1:be40f095cd741773905744f16c1f7a21fd9226ccd0529f019deb7da6d667f71c"
  name = "github.com/logrusorgru/aurora"
  packages = ["."]
  pruneopts = "UT"
  revision = "a7b3b318ed4e1ae5b80602b08627267303c68572"

[[projects]]
  digest = "1:2fa7b0155cd54479a755c629de26f888a918e13f8857a2c442205d825368e084"
  name = "github.com/mattn/go-colorable"
  packages = ["."]
  pruneopts = "UT"
  revision = "3a70a971f94a22f2fa562ffcc7a0eb45f5daf045"
  version = "v0.1.1"

[[projects]]
  digest = "1:e150b5fafbd7607e2d638e4e5cf43aa4100124e5593385147b0a74e2733d8b0d"
  name = "github.com/mattn/go-isatty"
  packages = ["."]
  pruneopts = "UT"
  revision = "c2a7a6ca930a4cd0bc33a3f298eb71960732a3a7"
  version = "v0.0.7"

[[projects]]
  branch = "master"
  digest = "1:a71548982a65dd9436c7946649a7553bd0a72dba042e12f7e03d2a04b7ad7d60"
  name = "github.com/mattn/go-tty"
  packages = ["."]
  pruneopts = "UT"
  revision = "83fae09cc00791f987e8ce026cec96cb24820a0a"

[[projects]]
  digest = "1:78f5e2fda6c8d51897a654aa5fc6b67cf1ce4809c36a658fb401459499fdc107"
  name = "github.com/mingrammer/cfmt"
  packages = ["."]
  pruneopts = "UT"
  revision = "7621d6f2d155f2a082b9b93297457b9c86268cd1"
  version = "v1.1.0"

[[projects]]
  branch = "master"
  digest = "1:bbe51412d9915d64ffaa96b51d409e070665efc5194fcf145c4a27d4133107a4"
  name = "golang.org/x/crypto"
  packages = ["ssh/terminal"]
  pruneopts = "UT"
  revision = "38d8ce5564a5b71b2e3a00553993f1b9a7ae852f"

[[projects]]
  branch = "master"
  digest = "1:b521f10a2d8fa85c04a8ef4e62f2d1e14d303599a55d64dabf9f5a02f84d35eb"
  name = "golang.org/x/sync"
  packages = ["errgroup"]
  pruneopts = "UT"
  revision = "e225da77a7e68af35c70ccbf71af2b83e6acac3c"

[[projects]]
  branch = "master"
  digest = "1:503f66aac79cb9135d73679c7fa3e95a6fad82a3da399c505ea282b50ff03723"
  name = "golang.org/x/sys"
  packages = [
    "unix",
    "windows",
  ]
  pruneopts = "UT"
  revision = "4b34438f7a67ee5f45cc6132e2bad873a20324e9"

[solve-meta]
  analyzer-name = "dep"
  analyzer-version = 1
  input-imports = [
    "github.com/kr/pty",
    "github.com/mattn/go-colorable",
    "github.com/mattn/go-tty",
    "github.com/mingrammer/cfmt",
    "golang.org/x/crypto/ssh/terminal",
    "golang.org/x/sync/errgroup",
  ]
  solver-name = "gps-cdcl"
  solver-version = 1
